# This file is automatically @generated by Cargo.
# It is not intended for manual editing.
[[package]]
name = "anyhow"
version = "1.0.38"
source = "registry+https://github.com/rust-lang/crates.io-index"
checksum = "afddf7f520a80dbf76e6f50a35bca42a2331ef227a28b3b6dc5c2e2338d114b1"

[[package]]
name = "pico-args"
version = "0.4.0"
source = "registry+https://github.com/rust-lang/crates.io-index"
checksum = "d70072c20945e1ab871c472a285fc772aefd4f5407723c206242f2c6f94595d6"

[[package]]
name = "talk-timer"
version = "0.1.0"
dependencies = [
 "anyhow",
 "pico-args",
 "yansi",
]

[[package]]
name = "yansi"
version = "0.5.0"
source = "registry+https://github.com/rust-lang/crates.io-index"
checksum = "9fc79f4a1e39857fc00c3f662cbf2651c771f00e9c15fe2abc341806bd46bd71"
